Microsoft Visual Studio Solution File, Format Version 12.00
# Visual Studio Version 17
VisualStudioVersion = 17.5.2.0
MinimumVisualStudioVersion = 10.0.40219.1
Project("{FAE04EC0-301F-11D3-BF4B-00C04F79EFBC}") = "RecipeManager", "RecipeManager\RecipeManager.csproj", "{D014FD8A-C764-EA4D-55E4-F146ACAD1988}"
EndProject
Global
	GlobalSection(SolutionConfigurationPlatforms) = preSolution
		Debug|Any CPU = Debug|Any CPU
		Release|Any CPU = Release|Any CPU
	EndGlobalSection
	GlobalSection(ProjectConfigurationPlatforms) = postSolution
		{D014FD8A-C764-EA4D-55E4-F146ACAD1988}.Debug|Any CPU.ActiveCfg = Debug|Any CPU
		{D014FD8A-C764-EA4D-55E4-F146ACAD1988}.Debug|Any CPU.Build.0 = Debug|Any CPU
		{D014FD8A-C764-EA4D-55E4-F146ACAD1988}.Release|Any CPU.ActiveCfg = Release|Any CPU
		{D014FD8A-C764-EA4D-55E4-F146ACAD1988}.Release|Any CPU.Build.0 = Release|Any CPU
	EndGlobalSection
	GlobalSection(SolutionProperties) = preSolution
		HideSolutionNode = FALSE
	EndGlobalSection
	GlobalSection(ExtensibilityGlobals) = postSolution
		SolutionGuid = {D28AD59A-0777-48D5-A013-38E5E1F44BBA}
	EndGlobalSection
EndGlobal
